PODS:
  - DropDown (2.3.1)
  - Hero (1.0.1)
  - SnapKit (4.0.0)

DEPENDENCIES:
  - DropDown
  - Hero
  - SnapKit (~> 4.0.0)

SPEC CHECKSUMS:
  DropDown: 20499c7b2731b0d21609af924e47c7677a2be50d
  Hero: cee286821578e170d8c0c9c9cda7897357401112
  SnapKit: a42d492c16e80209130a3379f73596c3454b7694

PODFILE CHECKSUM: ec136d3486d160cafaf01cc3675caf86e7d675ea

COCOAPODS: 1.2.1
